
Microsoft Visual Studio Solution File, Format Version 12.00
# Visual Studio Version 17
VisualStudioVersion = 17.7.34003.232
MinimumVisualStudioVersion = 10.0.40219.1
Project("{9A19103F-16F7-4668-BE54-9A1E7A4F7556}") = "Project_text", "Project_text\Project_text.csproj", "{BA5EB228-477D-4060-B8D7-26AFCB9926C4}"
EndProject
Project("{2150E333-8FDC-42A3-9474-1A3956D46DE8}") = "Элементы решения", "Элементы решения", "{E22CDAF9-4886-4225-9B14-69A1BDDC09E8}"
	ProjectSection(SolutionItems) = preProject
		ExcelFileRecognitionService.cs = ExcelFileRecognitionService.cs
		ImageFileRecognitionService.cs = ImageFileRecognitionService.cs
		TextFileRecognitionService.cs = TextFileRecognitionService.cs
	EndProjectSection
EndProject
Global
	GlobalSection(SolutionConfigurationPlatforms) = preSolution
		Debug|Any CPU = Debug|Any CPU
		Release|Any CPU = Release|Any CPU
	EndGlobalSection
	GlobalSection(ProjectConfigurationPlatforms) = postSolution
		{BA5EB228-477D-4060-B8D7-26AFCB9926C4}.Debug|Any CPU.ActiveCfg = Debug|Any CPU
		{BA5EB228-477D-4060-B8D7-26AFCB9926C4}.Debug|Any CPU.Build.0 = Debug|Any CPU
		{BA5EB228-477D-4060-B8D7-26AFCB9926C4}.Release|Any CPU.ActiveCfg = Release|Any CPU
		{BA5EB228-477D-4060-B8D7-26AFCB9926C4}.Release|Any CPU.Build.0 = Release|Any CPU
	EndGlobalSection
	GlobalSection(SolutionProperties) = preSolution
		HideSolutionNode = FALSE
	EndGlobalSection
	GlobalSection(ExtensibilityGlobals) = postSolution
		SolutionGuid = {EF571286-4BAB-41AB-B34B-FDD421941D25}
	EndGlobalSection
EndGlobal
